<?xml version="1.0" encoding="utf-8"?>
<Project ToolsVersion="4.0" xmlns="http://schemas.microsoft.com/developer/msbuild/2003">
  <ItemGroup>
    <Filter Include="Source Files">
      <UniqueIdentifier>{4FC737F1-C7A5-4376-A066-2A32D752A2FF}</UniqueIdentifier>
      <Extensions>cpp;c;cc;cxx;def;odl;idl;hpj;bat;asm;asmx</Extensions>
    </Filter>
    <Filter Include="Header Files">
      <UniqueIdentifier>{93995380-89BD-4b04-88EB-625FBE52EBFB}</UniqueIdentifier>
      <Extensions>h;hpp;hxx;hm;inl;inc;xsd</Extensions>
    </Filter>
    <Filter Include="Resource Files">
      <UniqueIdentifier>{67DA6AB6-F800-4c08-8B7A-83BB121AAD01}</UniqueIdentifier>
      <Extensions>rc;ico;cur;bmp;dlg;rc2;rct;bin;rgs;gif;jpg;jpeg;jpe;resx;tiff;tif;png;wav;mfcribbon-ms</Extensions>
    </Filter>
    <Filter Include="Header Files\engine">
      <UniqueIdentifier>{9106e8ef-cbd4-4bdc-8b4d-a4da05f5b336}</UniqueIdentifier>
    </Filter>
    <Filter Include="Header Files\generator">
      <UniqueIdentifier>{6737ea4e-4791-4cec-80e1-62d7bf5f6d22}</UniqueIdentifier>
    </Filter>
    <Filter Include="Source Files\engine">
      <UniqueIdentifier>{4604a29d-6628-4728-8f09-3626c448316c}</UniqueIdentifier>
    </Filter>
    <Filter Include="Source Files\generator">
      <UniqueIdentifier>{146795a9-4a76-438d-b327-a8a7b26568bd}</UniqueIdentifier>
    </Filter>
    <Filter Include="Source Files\engine\math">
      <UniqueIdentifier>{5e9e37ea-8330-4a75-a656-d7bba0d9cc47}</UniqueIdentifier>
    </Filter>
    <Filter Include="Header Files\engine\math">
      <UniqueIdentifier>{f271e2fc-051a-431a-b4f8-3bd3c94f1b00}</UniqueIdentifier>
    </Filter>
  </ItemGroup>
  <ItemGroup>
    <ClCompile Include="main.cpp">
      <Filter>Source Files</Filter>
    </ClCompile>
    <ClCompile Include="engine\math\Vector2.cpp">
      <Filter>Source Files\engine\math</Filter>
    </ClCompile>
    <ClCompile Include="engine\Naquadah.cpp">
      <Filter>Source Files\engine</Filter>
    </ClCompile>
  </ItemGroup>
  <ItemGroup>
    <ClInclude Include="engine\math\Vector2.h">
      <Filter>Header Files\engine\math</Filter>
    </ClInclude>
    <ClInclude Include="engine\Naquadah.h">
      <Filter>Header Files\engine</Filter>
    </ClInclude>
  </ItemGroup>
</Project>