<?xml version="1.0" encoding="utf-8"?>
<Project ToolsVersion="4.0" xmlns="http://schemas.microsoft.com/developer/msbuild/2003">
  <ItemGroup>
    <Filter Include="Source Files">
      <UniqueIdentifier>{4FC737F1-C7A5-4376-A066-2A32D752A2FF}</UniqueIdentifier>
      <Extensions>cpp;c;cc;cxx;def;odl;idl;hpj;bat;asm;asmx</Extensions>
    </Filter>
    <Filter Include="Header Files">
      <UniqueIdentifier>{93995380-89BD-4b04-88EB-625FBE52EBFB}</UniqueIdentifier>
      <Extensions>h;hpp;hxx;hm;inl;inc;xsd</Extensions>
    </Filter>
    <Filter Include="Resource Files">
      <UniqueIdentifier>{67DA6AB6-F800-4c08-8B7A-83BB121AAD01}</UniqueIdentifier>
      <Extensions>rc;ico;cur;bmp;dlg;rc2;rct;bin;rgs;gif;jpg;jpeg;jpe;resx;tiff;tif;png;wav;mfcribbon-ms</Extensions>
    </Filter>
    <Filter Include="Header Files\engine">
      <UniqueIdentifier>{9106e8ef-cbd4-4bdc-8b4d-a4da05f5b336}</UniqueIdentifier>
    </Filter>
    <Filter Include="Header Files\generator">
      <UniqueIdentifier>{6737ea4e-4791-4cec-80e1-62d7bf5f6d22}</UniqueIdentifier>
    </Filter>
    <Filter Include="Source Files\engine">
      <UniqueIdentifier>{4604a29d-6628-4728-8f09-3626c448316c}</UniqueIdentifier>
    </Filter>
    <Filter Include="Source Files\generator">
      <UniqueIdentifier>{146795a9-4a76-438d-b327-a8a7b26568bd}</UniqueIdentifier>
    </Filter>
    <Filter Include="Source Files\engine\math">
      <UniqueIdentifier>{5e9e37ea-8330-4a75-a656-d7bba0d9cc47}</UniqueIdentifier>
    </Filter>
    <Filter Include="Header Files\engine\math">
      <UniqueIdentifier>{f271e2fc-051a-431a-b4f8-3bd3c94f1b00}</UniqueIdentifier>
    </Filter>
    <Filter Include="Header Files\engine\input">
      <UniqueIdentifier>{f06f435d-b6e7-4b61-a9f2-81ac74543dc9}</UniqueIdentifier>
    </Filter>
    <Filter Include="Source Files\engine\input">
      <UniqueIdentifier>{2428d514-e157-4ca1-ae67-9923fc8c63c9}</UniqueIdentifier>
    </Filter>
    <Filter Include="Header Files\engine\physics">
      <UniqueIdentifier>{0630507c-5bb2-466e-863d-f566ee632119}</UniqueIdentifier>
    </Filter>
    <Filter Include="Source Files\engine\physics">
      <UniqueIdentifier>{f8bf5cbc-2d6d-4752-af8e-d5006b76a3a4}</UniqueIdentifier>
    </Filter>
    <Filter Include="Header Files\engine\physics\collision">
      <UniqueIdentifier>{3c9182c2-0c95-4b2b-9fa2-cf555c54f600}</UniqueIdentifier>
    </Filter>
    <Filter Include="Source Files\engine\physics\collision">
      <UniqueIdentifier>{5cf66d72-395b-4f5f-93f3-7cbe0f07cf39}</UniqueIdentifier>
    </Filter>
    <Filter Include="Header Files\engine\ui">
      <UniqueIdentifier>{7cc9473e-02c6-4740-9be7-d19677146e52}</UniqueIdentifier>
    </Filter>
    <Filter Include="Source Files\engine\ui">
      <UniqueIdentifier>{679f0a92-3b4e-47f5-9ab5-c842072a2d65}</UniqueIdentifier>
    </Filter>
    <Filter Include="Header Files\engine\rendering">
      <UniqueIdentifier>{2f207cdb-a172-4012-a952-2d376dc63524}</UniqueIdentifier>
    </Filter>
    <Filter Include="Source Files\engine\rendering">
      <UniqueIdentifier>{332fff1f-5406-4d4e-8994-3a9f6dad1471}</UniqueIdentifier>
    </Filter>
    <Filter Include="Header Files\generator\zones">
      <UniqueIdentifier>{acf19a75-6f8b-4089-bafe-fcb3d47f77f9}</UniqueIdentifier>
    </Filter>
    <Filter Include="Source Files\generator\zones">
      <UniqueIdentifier>{f7af2985-89eb-4c8a-a4ea-315e0ee606a4}</UniqueIdentifier>
    </Filter>
    <Filter Include="Header Files\generator\gridlayouts">
      <UniqueIdentifier>{d8bd5351-d302-420a-ad5f-64daf4ddc26c}</UniqueIdentifier>
    </Filter>
    <Filter Include="Source Files\generator\gridlayouts">
      <UniqueIdentifier>{b6096982-fcb7-41e4-a0b5-4089826e77a2}</UniqueIdentifier>
    </Filter>
    <Filter Include="Header Files\generator\math">
      <UniqueIdentifier>{b181c589-9139-4e2e-be49-46c8068e0bcd}</UniqueIdentifier>
    </Filter>
  </ItemGroup>
  <ItemGroup>
    <ClCompile Include="main.cpp">
      <Filter>Source Files</Filter>
    </ClCompile>
    <ClCompile Include="engine\Naquadah.cpp">
      <Filter>Source Files\engine</Filter>
    </ClCompile>
    <ClCompile Include="engine\math\Matrix4.cpp">
      <Filter>Source Files\engine\math</Filter>
    </ClCompile>
    <ClCompile Include="engine\math\Matrix3.cpp">
      <Filter>Source Files\engine\math</Filter>
    </ClCompile>
    <ClCompile Include="engine\Entity.cpp">
      <Filter>Source Files\engine</Filter>
    </ClCompile>
    <ClCompile Include="engine\GameTimer.cpp">
      <Filter>Source Files\engine</Filter>
    </ClCompile>
    <ClCompile Include="engine\ResourcesManager.cpp">
      <Filter>Source Files\engine</Filter>
    </ClCompile>
    <ClCompile Include="engine\input\Keyboard.cpp">
      <Filter>Source Files\engine\input</Filter>
    </ClCompile>
    <ClCompile Include="engine\input\ConfigurationManager.cpp">
      <Filter>Source Files\engine\input</Filter>
    </ClCompile>
    <ClCompile Include="engine\physics\Simulation.cpp">
      <Filter>Source Files\engine\physics</Filter>
    </ClCompile>
    <ClCompile Include="engine\physics\PhysicalBody.cpp">
      <Filter>Source Files\engine\physics</Filter>
    </ClCompile>
    <ClCompile Include="engine\physics\collision\NoPartitioning.cpp">
      <Filter>Source Files\engine\physics\collision</Filter>
    </ClCompile>
    <ClCompile Include="engine\physics\collision\SortAndSweep.cpp">
      <Filter>Source Files\engine\physics\collision</Filter>
    </ClCompile>
    <ClCompile Include="engine\physics\collision\WorldPartitioning.cpp">
      <Filter>Source Files\engine\physics\collision</Filter>
    </ClCompile>
    <ClCompile Include="engine\physics\collision\CollisionBody.cpp">
      <Filter>Source Files\engine\physics\collision</Filter>
    </ClCompile>
    <ClCompile Include="engine\ui\UserInterface.cpp">
      <Filter>Source Files\engine\ui</Filter>
    </ClCompile>
    <ClCompile Include="engine\ui\TextItem.cpp">
      <Filter>Source Files\engine\ui</Filter>
    </ClCompile>
    <ClCompile Include="engine\ui\PanelItem.cpp">
      <Filter>Source Files\engine\ui</Filter>
    </ClCompile>
    <ClCompile Include="engine\ui\InterfaceItem.cpp">
      <Filter>Source Files\engine\ui</Filter>
    </ClCompile>
    <ClCompile Include="engine\ui\ImageItem.cpp">
      <Filter>Source Files\engine\ui</Filter>
    </ClCompile>
    <ClCompile Include="engine\ui\ButtonItem.cpp">
      <Filter>Source Files\engine\ui</Filter>
    </ClCompile>
    <ClCompile Include="engine\rendering\Texture.cpp">
      <Filter>Source Files\engine\rendering</Filter>
    </ClCompile>
    <ClCompile Include="engine\rendering\Shader.cpp">
      <Filter>Source Files\engine\rendering</Filter>
    </ClCompile>
    <ClCompile Include="engine\rendering\Model.cpp">
      <Filter>Source Files\engine\rendering</Filter>
    </ClCompile>
    <ClCompile Include="engine\rendering\Material.cpp">
      <Filter>Source Files\engine\rendering</Filter>
    </ClCompile>
    <ClCompile Include="engine\rendering\Colour.cpp">
      <Filter>Source Files\engine\rendering</Filter>
    </ClCompile>
    <ClCompile Include="engine\Scene.cpp">
      <Filter>Source Files\engine</Filter>
    </ClCompile>
    <ClCompile Include="engine\rendering\Light.cpp">
      <Filter>Source Files\engine\rendering</Filter>
    </ClCompile>
    <ClCompile Include="engine\input\FileIO.cpp">
      <Filter>Source Files\engine\input</Filter>
    </ClCompile>
    <ClCompile Include="engine\rendering\Renderer.cpp">
      <Filter>Source Files\engine\rendering</Filter>
    </ClCompile>
    <ClCompile Include="engine\input\Mouse.cpp">
      <Filter>Source Files\engine\input</Filter>
    </ClCompile>
    <ClCompile Include="engine\rendering\ShaderParameter.cpp">
      <Filter>Source Files\engine\rendering</Filter>
    </ClCompile>
    <ClCompile Include="generator\City.cpp">
      <Filter>Source Files\generator</Filter>
    </ClCompile>
    <ClCompile Include="generator\CityBlock.cpp">
      <Filter>Source Files\generator</Filter>
    </ClCompile>
    <ClCompile Include="generator\Intersection.cpp">
      <Filter>Source Files\generator</Filter>
    </ClCompile>
    <ClCompile Include="generator\Road.cpp">
      <Filter>Source Files\generator</Filter>
    </ClCompile>
    <ClCompile Include="generator\Building.cpp">
      <Filter>Source Files\generator</Filter>
    </ClCompile>
    <ClCompile Include="engine\Profiler.cpp">
      <Filter>Source Files\engine</Filter>
    </ClCompile>
    <ClCompile Include="engine\ProfilingTimer.cpp">
      <Filter>Source Files\engine</Filter>
    </ClCompile>
    <ClCompile Include="engine\rendering\Frustum.cpp">
      <Filter>Source Files\engine\rendering</Filter>
    </ClCompile>
    <ClCompile Include="engine\rendering\Camera.cpp">
      <Filter>Source Files\engine\rendering</Filter>
    </ClCompile>
    <ClCompile Include="engine\rendering\Plane.cpp">
      <Filter>Source Files\engine\rendering</Filter>
    </ClCompile>
    <ClCompile Include="generator\Chunk.cpp">
      <Filter>Source Files\generator</Filter>
    </ClCompile>
    <ClCompile Include="generator\ChunkGenerator.cpp">
      <Filter>Source Files\generator</Filter>
    </ClCompile>
    <ClCompile Include="generator\GridLayout.cpp">
      <Filter>Source Files\generator</Filter>
    </ClCompile>
    <ClCompile Include="generator\gridlayouts\ManhattanGridLayout.cpp">
      <Filter>Source Files\generator\gridlayouts</Filter>
    </ClCompile>
    <ClCompile Include="generator\CityScene.cpp">
      <Filter>Source Files\generator</Filter>
    </ClCompile>
    <ClCompile Include="engine\math\Triangulation.cpp">
      <Filter>Source Files\engine\math</Filter>
    </ClCompile>
    <ClCompile Include="generator\ChunkLoader.cpp">
      <Filter>Source Files\generator</Filter>
    </ClCompile>
    <ClCompile Include="engine\rendering\Skybox.cpp">
      <Filter>Source Files\engine\rendering</Filter>
    </ClCompile>
    <ClCompile Include="generator\CitySceneInterface.cpp">
      <Filter>Source Files\generator</Filter>
    </ClCompile>
  </ItemGroup>
  <ItemGroup>
    <ClInclude Include="engine\math\Vector2.h">
      <Filter>Header Files\engine\math</Filter>
    </ClInclude>
    <ClInclude Include="engine\Naquadah.h">
      <Filter>Header Files\engine</Filter>
    </ClInclude>
    <ClInclude Include="engine\math\Matrix3.h">
      <Filter>Header Files\engine\math</Filter>
    </ClInclude>
    <ClInclude Include="engine\math\Matrix4.h">
      <Filter>Header Files\engine\math</Filter>
    </ClInclude>
    <ClInclude Include="engine\math\Vector3.h">
      <Filter>Header Files\engine\math</Filter>
    </ClInclude>
    <ClInclude Include="engine\math\Vector4.h">
      <Filter>Header Files\engine\math</Filter>
    </ClInclude>
    <ClInclude Include="engine\Entity.h">
      <Filter>Header Files\engine</Filter>
    </ClInclude>
    <ClInclude Include="engine\GameTimer.h">
      <Filter>Header Files\engine</Filter>
    </ClInclude>
    <ClInclude Include="engine\ResourcesManager.h">
      <Filter>Header Files\engine</Filter>
    </ClInclude>
    <ClInclude Include="engine\Resource.h">
      <Filter>Header Files\engine</Filter>
    </ClInclude>
    <ClInclude Include="engine\math\Common.h">
      <Filter>Header Files\engine\math</Filter>
    </ClInclude>
    <ClInclude Include="engine\input\ConfigurationManager.h">
      <Filter>Header Files\engine\input</Filter>
    </ClInclude>
    <ClInclude Include="engine\input\Keyboard.h">
      <Filter>Header Files\engine\input</Filter>
    </ClInclude>
    <ClInclude Include="engine\physics\PhysicalBody.h">
      <Filter>Header Files\engine\physics</Filter>
    </ClInclude>
    <ClInclude Include="engine\physics\Simulation.h">
      <Filter>Header Files\engine\physics</Filter>
    </ClInclude>
    <ClInclude Include="engine\physics\collision\BroadphaseDetector.h">
      <Filter>Header Files\engine\physics\collision</Filter>
    </ClInclude>
    <ClInclude Include="engine\physics\collision\CollisionBody.h">
      <Filter>Header Files\engine\physics\collision</Filter>
    </ClInclude>
    <ClInclude Include="engine\physics\collision\NoPartitioning.h">
      <Filter>Header Files\engine\physics\collision</Filter>
    </ClInclude>
    <ClInclude Include="engine\physics\collision\SortAndSweep.h">
      <Filter>Header Files\engine\physics\collision</Filter>
    </ClInclude>
    <ClInclude Include="engine\physics\collision\WorldPartitioning.h">
      <Filter>Header Files\engine\physics\collision</Filter>
    </ClInclude>
    <ClInclude Include="engine\ui\ButtonItem.h">
      <Filter>Header Files\engine\ui</Filter>
    </ClInclude>
    <ClInclude Include="engine\ui\ImageItem.h">
      <Filter>Header Files\engine\ui</Filter>
    </ClInclude>
    <ClInclude Include="engine\ui\InterfaceItem.h">
      <Filter>Header Files\engine\ui</Filter>
    </ClInclude>
    <ClInclude Include="engine\ui\PanelItem.h">
      <Filter>Header Files\engine\ui</Filter>
    </ClInclude>
    <ClInclude Include="engine\ui\TextItem.h">
      <Filter>Header Files\engine\ui</Filter>
    </ClInclude>
    <ClInclude Include="engine\ui\UserInterface.h">
      <Filter>Header Files\engine\ui</Filter>
    </ClInclude>
    <ClInclude Include="engine\rendering\Colour.h">
      <Filter>Header Files\engine\rendering</Filter>
    </ClInclude>
    <ClInclude Include="engine\rendering\Material.h">
      <Filter>Header Files\engine\rendering</Filter>
    </ClInclude>
    <ClInclude Include="engine\rendering\Model.h">
      <Filter>Header Files\engine\rendering</Filter>
    </ClInclude>
    <ClInclude Include="engine\rendering\Shader.h">
      <Filter>Header Files\engine\rendering</Filter>
    </ClInclude>
    <ClInclude Include="engine\rendering\Texture.h">
      <Filter>Header Files\engine\rendering</Filter>
    </ClInclude>
    <ClInclude Include="engine\Scene.h">
      <Filter>Header Files\engine</Filter>
    </ClInclude>
    <ClInclude Include="engine\rendering\Light.h">
      <Filter>Header Files\engine\rendering</Filter>
    </ClInclude>
    <ClInclude Include="engine\input\FileIO.h">
      <Filter>Header Files\engine\input</Filter>
    </ClInclude>
    <ClInclude Include="engine\rendering\Renderer.h">
      <Filter>Header Files\engine\rendering</Filter>
    </ClInclude>
    <ClInclude Include="engine\input\Mouse.h">
      <Filter>Header Files\engine\input</Filter>
    </ClInclude>
    <ClInclude Include="engine\rendering\ShaderParameter.h">
      <Filter>Header Files\engine\rendering</Filter>
    </ClInclude>
    <ClInclude Include="generator\City.h">
      <Filter>Header Files\generator</Filter>
    </ClInclude>
    <ClInclude Include="generator\Road.h">
      <Filter>Header Files\generator</Filter>
    </ClInclude>
    <ClInclude Include="generator\CityBlock.h">
      <Filter>Header Files\generator</Filter>
    </ClInclude>
    <ClInclude Include="generator\Intersection.h">
      <Filter>Header Files\generator</Filter>
    </ClInclude>
    <ClInclude Include="generator\Building.h">
      <Filter>Header Files\generator</Filter>
    </ClInclude>
    <ClInclude Include="engine\Profiler.h">
      <Filter>Header Files\engine</Filter>
    </ClInclude>
    <ClInclude Include="engine\ProfilingTimer.h">
      <Filter>Header Files\engine</Filter>
    </ClInclude>
    <ClInclude Include="engine\rendering\Camera.h">
      <Filter>Header Files\engine\rendering</Filter>
    </ClInclude>
    <ClInclude Include="engine\rendering\Frustum.h">
      <Filter>Header Files\engine\rendering</Filter>
    </ClInclude>
    <ClInclude Include="engine\rendering\Plane.h">
      <Filter>Header Files\engine\rendering</Filter>
    </ClInclude>
    <ClInclude Include="generator\Chunk.h">
      <Filter>Header Files\generator</Filter>
    </ClInclude>
    <ClInclude Include="generator\ChunkGenerator.h">
      <Filter>Header Files\generator</Filter>
    </ClInclude>
    <ClInclude Include="generator\GridLayout.h">
      <Filter>Header Files\generator</Filter>
    </ClInclude>
    <ClInclude Include="generator\gridlayouts\ManhattanGridLayout.h">
      <Filter>Header Files\generator\gridlayouts</Filter>
    </ClInclude>
    <ClInclude Include="generator\CityScene.h">
      <Filter>Header Files\generator</Filter>
    </ClInclude>
    <ClInclude Include="engine\math\Geom.h">
      <Filter>Header Files\engine\math</Filter>
    </ClInclude>
    <ClInclude Include="engine\math\Triangulation.h">
      <Filter>Header Files\engine\math</Filter>
    </ClInclude>
    <ClInclude Include="generator\ChunkLoader.h">
      <Filter>Header Files\generator</Filter>
    </ClInclude>
    <ClInclude Include="engine\ResourceNames.h">
      <Filter>Header Files\engine</Filter>
    </ClInclude>
    <ClInclude Include="engine\rendering\Skybox.h">
      <Filter>Header Files\engine\rendering</Filter>
    </ClInclude>
    <ClInclude Include="generator\CitySceneInterface.h">
      <Filter>Header Files\generator</Filter>
    </ClInclude>
    <ClInclude Include="generator\math\Perlin.h">
      <Filter>Header Files\generator\math</Filter>
    </ClInclude>
  </ItemGroup>
</Project>